
Microsoft Visual Studio Solution File, Format Version 10.00
# Visual Studio 2008
Project("{8BC9CEB8-8B4A-11D0-8D11-00A0C91BC942}") = "52cpp", "52cpp\52cpp.vcproj", "{2A0C5A73-5620-4C81-9572-00C6EEA2ACDD}"
EndProject
Global
	GlobalSection(SolutionConfigurationPlatforms) = preSolution
		Debug|Win32 = Debug|Win32
		Release|Win32 = Release|Win32
	EndGlobalSection
	GlobalSection(ProjectConfigurationPlatforms) = postSolution
		{2A0C5A73-5620-4C81-9572-00C6EEA2ACDD}.Debug|Win32.ActiveCfg = Debug|Win32
		{2A0C5A73-5620-4C81-9572-00C6EEA2ACDD}.Debug|Win32.Build.0 = Debug|Win32
		{2A0C5A73-5620-4C81-9572-00C6EEA2ACDD}.Release|Win32.ActiveCfg = Release|Win32
		{2A0C5A73-5620-4C81-9572-00C6EEA2ACDD}.Release|Win32.Build.0 = Release|Win32
	EndGlobalSection
	GlobalSection(SolutionProperties) = preSolution
		HideSolutionNode = FALSE
	EndGlobalSection
EndGlobal
