
Microsoft Visual Studio Solution File, Format Version 10.00
# Visual Studio 2008
Project("{8BC9CEB8-8B4A-11D0-8D11-00A0C91BC942}") = "04cpp", "04cpp\04cpp.vcproj", "{C760B03E-075E-4A2E-99FD-0D5C7A4B11F5}"
EndProject
Global
	GlobalSection(SolutionConfigurationPlatforms) = preSolution
		Debug|Win32 = Debug|Win32
		Release|Win32 = Release|Win32
	EndGlobalSection
	GlobalSection(ProjectConfigurationPlatforms) = postSolution
		{C760B03E-075E-4A2E-99FD-0D5C7A4B11F5}.Debug|Win32.ActiveCfg = Debug|Win32
		{C760B03E-075E-4A2E-99FD-0D5C7A4B11F5}.Debug|Win32.Build.0 = Debug|Win32
		{C760B03E-075E-4A2E-99FD-0D5C7A4B11F5}.Release|Win32.ActiveCfg = Release|Win32
		{C760B03E-075E-4A2E-99FD-0D5C7A4B11F5}.Release|Win32.Build.0 = Release|Win32
	EndGlobalSection
	GlobalSection(SolutionProperties) = preSolution
		HideSolutionNode = FALSE
	EndGlobalSection
EndGlobal
