
Microsoft Visual Studio Solution File, Format Version 10.00
# Visual Studio 2008
Project("{8BC9CEB8-8B4A-11D0-8D11-00A0C91BC942}") = "09cpp", "09cpp\09cpp.vcproj", "{3C297599-52E4-4849-B6CE-51929B9C2655}"
EndProject
Global
	GlobalSection(SolutionConfigurationPlatforms) = preSolution
		Debug|Win32 = Debug|Win32
		Release|Win32 = Release|Win32
	EndGlobalSection
	GlobalSection(ProjectConfigurationPlatforms) = postSolution
		{3C297599-52E4-4849-B6CE-51929B9C2655}.Debug|Win32.ActiveCfg = Debug|Win32
		{3C297599-52E4-4849-B6CE-51929B9C2655}.Debug|Win32.Build.0 = Debug|Win32
		{3C297599-52E4-4849-B6CE-51929B9C2655}.Release|Win32.ActiveCfg = Release|Win32
		{3C297599-52E4-4849-B6CE-51929B9C2655}.Release|Win32.Build.0 = Release|Win32
	EndGlobalSection
	GlobalSection(SolutionProperties) = preSolution
		HideSolutionNode = FALSE
	EndGlobalSection
EndGlobal
