
Microsoft Visual Studio Solution File, Format Version 10.00
# Visual Studio 2008
Project("{8BC9CEB8-8B4A-11D0-8D11-00A0C91BC942}") = "25cpp", "25cpp\25cpp.vcproj", "{42C4C7B6-C875-44AA-BA15-7B9CE2962067}"
EndProject
Global
	GlobalSection(SolutionConfigurationPlatforms) = preSolution
		Debug|Win32 = Debug|Win32
		Release|Win32 = Release|Win32
	EndGlobalSection
	GlobalSection(ProjectConfigurationPlatforms) = postSolution
		{42C4C7B6-C875-44AA-BA15-7B9CE2962067}.Debug|Win32.ActiveCfg = Debug|Win32
		{42C4C7B6-C875-44AA-BA15-7B9CE2962067}.Debug|Win32.Build.0 = Debug|Win32
		{42C4C7B6-C875-44AA-BA15-7B9CE2962067}.Release|Win32.ActiveCfg = Release|Win32
		{42C4C7B6-C875-44AA-BA15-7B9CE2962067}.Release|Win32.Build.0 = Release|Win32
	EndGlobalSection
	GlobalSection(SolutionProperties) = preSolution
		HideSolutionNode = FALSE
	EndGlobalSection
EndGlobal
